
Microsoft Visual Studio Solution File, Format Version 12.00
# Visual Studio Version 16
VisualStudioVersion = 16.0.29920.165
MinimumVisualStudioVersion = 10.0.40219.1
Project("{FAE04EC0-301F-11D3-BF4B-00C04F79EFBC}") = "MailKit", "MailKit\MailKit.csproj", "{6AA5945C-78BF-4A23-B23D-F669804D1205}"
EndProject
Global
	GlobalSection(SolutionConfigurationPlatforms) = preSolution
		Debug|Any CPU = Debug|Any CPU
		Release|Any CPU = Release|Any CPU
	EndGlobalSection
	GlobalSection(ProjectConfigurationPlatforms) = postSolution
		{6AA5945C-78BF-4A23-B23D-F669804D1205}.Debug|Any CPU.ActiveCfg = Debug|Any CPU
		{6AA5945C-78BF-4A23-B23D-F669804D1205}.Debug|Any CPU.Build.0 = Debug|Any CPU
		{6AA5945C-78BF-4A23-B23D-F669804D1205}.Release|Any CPU.ActiveCfg = Release|Any CPU
		{6AA5945C-78BF-4A23-B23D-F669804D1205}.Release|Any CPU.Build.0 = Release|Any CPU
	EndGlobalSection
	GlobalSection(SolutionProperties) = preSolution
		HideSolutionNode = FALSE
	EndGlobalSection
	GlobalSection(ExtensibilityGlobals) = postSolution
		SolutionGuid = {240FF3C8-487C-478D-A83E-44F4439122C7}
	EndGlobalSection
EndGlobal
